
Microsoft Visual Studio Solution File, Format Version 12.00
# Visual Studio Version 17
VisualStudioVersion = 17.11.35222.181
MinimumVisualStudioVersion = 10.0.40219.1
Project("{FAE04EC0-301F-11D3-BF4B-00C04F79EFBC}") = "week5AndOperator", "week5AndOperator\week5AndOperator.csproj", "{C00895B1-E195-4BF6-AFB8-9E8CE8372995}"
EndProject
Global
	GlobalSection(SolutionConfigurationPlatforms) = preSolution
		Debug|Any CPU = Debug|Any CPU
		Release|Any CPU = Release|Any CPU
	EndGlobalSection
	GlobalSection(ProjectConfigurationPlatforms) = postSolution
		{C00895B1-E195-4BF6-AFB8-9E8CE8372995}.Debug|Any CPU.ActiveCfg = Debug|Any CPU
		{C00895B1-E195-4BF6-AFB8-9E8CE8372995}.Debug|Any CPU.Build.0 = Debug|Any CPU
		{C00895B1-E195-4BF6-AFB8-9E8CE8372995}.Release|Any CPU.ActiveCfg = Release|Any CPU
		{C00895B1-E195-4BF6-AFB8-9E8CE8372995}.Release|Any CPU.Build.0 = Release|Any CPU
	EndGlobalSection
	GlobalSection(SolutionProperties) = preSolution
		HideSolutionNode = FALSE
	EndGlobalSection
	GlobalSection(ExtensibilityGlobals) = postSolution
		SolutionGuid = {54D13A14-8205-45D0-9D1C-C021516E0B8C}
	EndGlobalSection
EndGlobal
